
Microsoft Visual Studio Solution File, Format Version 12.00
# Visual Studio Version 17
VisualStudioVersion = 17.0.31903.59
MinimumVisualStudioVersion = 10.0.40219.1
Project("{2150E333-8FDC-42A3-9474-1A3956D46DE8}") = "Services", "Services", "{8CA95E44-EE06-4727-8D4E-04740517A8F8}"
EndProject
Project("{2150E333-8FDC-42A3-9474-1A3956D46DE8}") = "User", "User", "{73EE95D2-96A3-4F94-A8FE-24C4046E3F69}"
EndProject
Project("{9A19103F-16F7-4668-BE54-9A1E7A4F7556}") = "User.API", "User.API\User.API.csproj", "{0710F424-0B02-4E82-895A-EE811CC3C5D6}"
EndProject
Project("{9A19103F-16F7-4668-BE54-9A1E7A4F7556}") = "User.Domain", "User.Domain\User.Domain.csproj", "{EC6CDE84-CE37-48C0-B55A-21C31525E332}"
EndProject
Project("{9A19103F-16F7-4668-BE54-9A1E7A4F7556}") = "User.Application", "User.Application\User.Application.csproj", "{B46D6604-E20C-46F8-9689-BEF45809A6DC}"
EndProject
Project("{9A19103F-16F7-4668-BE54-9A1E7A4F7556}") = "User.Infrastructure", "User.Infrastructure\User.Infrastructure.csproj", "{7AD7FB3D-5585-4BD2-89FB-D462BA04871A}"
EndProject
Project("{2150E333-8FDC-42A3-9474-1A3956D46DE8}") = "ApiGateway", "ApiGateway", "{52B6F71F-A588-4092-818E-96DA1E4B91CA}"
EndProject
Project("{2150E333-8FDC-42A3-9474-1A3956D46DE8}") = "AuctionItems", "AuctionItems", "{A757A198-8C2E-4C4E-B53A-890BA4825236}"
EndProject
Project("{9A19103F-16F7-4668-BE54-9A1E7A4F7556}") = "AuctionItems.API", "AuctionItems.API\AuctionItems.API.csproj", "{F415DB0B-1DD5-4092-91FA-422804557FAB}"
EndProject
Project("{9A19103F-16F7-4668-BE54-9A1E7A4F7556}") = "AuctionItems.Domain", "AuctionItems.Domain\AuctionItems.Domain.csproj", "{C9ABAF18-A9EC-4E2C-BB4E-AAF054747808}"
EndProject
Project("{9A19103F-16F7-4668-BE54-9A1E7A4F7556}") = "AuctionItems.Application", "AuctionItems.Application\AuctionItems.Application.csproj", "{F7420C3E-5796-44E2-9748-187466F05AF7}"
EndProject
Project("{9A19103F-16F7-4668-BE54-9A1E7A4F7556}") = "AuctionItems.Infrastructure", "AuctionItems.Infrastructure\AuctionItems.Infrastructure.csproj", "{DB564E26-4AF4-43B2-887F-2B7C8D1DF649}"
EndProject
Project("{2150E333-8FDC-42A3-9474-1A3956D46DE8}") = "Payments", "Payments", "{121C0DE5-620A-4E1C-93A0-0C2CF02DB432}"
EndProject
Project("{9A19103F-16F7-4668-BE54-9A1E7A4F7556}") = "Payments.Domain", "Payments.Domain\Payments.Domain.csproj", "{5EA68D4B-DBC9-4F41-B872-46CCDF44E3F2}"
EndProject
Project("{9A19103F-16F7-4668-BE54-9A1E7A4F7556}") = "Payments.Application", "Payments.Application\Payments.Application.csproj", "{B1C8E2D7-2BB3-4751-8558-94EDA4561AAE}"
EndProject
Project("{9A19103F-16F7-4668-BE54-9A1E7A4F7556}") = "Payments.Infrastructure", "Payments.Infrastructure\Payments.Infrastructure.csproj", "{4980F097-3E8D-482F-AAE4-BA1F8AC70CA0}"
EndProject
Project("{9A19103F-16F7-4668-BE54-9A1E7A4F7556}") = "Payments.API", "Payments.API\Payments.API.csproj", "{FF025C2A-F3CF-406C-BED4-414A1D616E0A}"
EndProject
Project("{2150E333-8FDC-42A3-9474-1A3956D46DE8}") = "Auctions", "Auctions", "{8FB00FFB-EE16-4719-BAD7-3CAB37A87E02}"
EndProject
Project("{9A19103F-16F7-4668-BE54-9A1E7A4F7556}") = "Auctions.Domain", "Auctions.Domain\Auctions.Domain.csproj", "{9E8FDD9E-5195-48F3-8E48-BCA241D9B0CE}"
EndProject
Project("{9A19103F-16F7-4668-BE54-9A1E7A4F7556}") = "Auctions.Application", "Auctions.Application\Auctions.Application.csproj", "{35AD22FC-8C36-4F77-AF36-60BDA4B1008A}"
EndProject
Project("{9A19103F-16F7-4668-BE54-9A1E7A4F7556}") = "Auctions.Infrastructure", "Auctions.Infrastructure\Auctions.Infrastructure.csproj", "{16FA822D-1C78-4634-A3CE-C5221FC7EFAE}"
EndProject
Project("{9A19103F-16F7-4668-BE54-9A1E7A4F7556}") = "Auctions.API", "Auctions.API\Auctions.API.csproj", "{5B9DC37F-7CC6-4638-9837-9F619D5EB221}"
EndProject
Project("{FAE04EC0-301F-11D3-BF4B-00C04F79EFBC}") = "ApiGateway", "ApiGateway\ApiGateway.csproj", "{A3F181CD-2E8C-40EA-8EB7-7541B2730E24}"
EndProject
Global
	GlobalSection(SolutionConfigurationPlatforms) = preSolution
		Debug|Any CPU = Debug|Any CPU
		Release|Any CPU = Release|Any CPU
	EndGlobalSection
	GlobalSection(ProjectConfigurationPlatforms) = postSolution
		{0710F424-0B02-4E82-895A-EE811CC3C5D6}.Debug|Any CPU.ActiveCfg = Debug|Any CPU
		{0710F424-0B02-4E82-895A-EE811CC3C5D6}.Debug|Any CPU.Build.0 = Debug|Any CPU
		{0710F424-0B02-4E82-895A-EE811CC3C5D6}.Release|Any CPU.ActiveCfg = Release|Any CPU
		{0710F424-0B02-4E82-895A-EE811CC3C5D6}.Release|Any CPU.Build.0 = Release|Any CPU
		{EC6CDE84-CE37-48C0-B55A-21C31525E332}.Debug|Any CPU.ActiveCfg = Debug|Any CPU
		{EC6CDE84-CE37-48C0-B55A-21C31525E332}.Debug|Any CPU.Build.0 = Debug|Any CPU
		{EC6CDE84-CE37-48C0-B55A-21C31525E332}.Release|Any CPU.ActiveCfg = Release|Any CPU
		{EC6CDE84-CE37-48C0-B55A-21C31525E332}.Release|Any CPU.Build.0 = Release|Any CPU
		{B46D6604-E20C-46F8-9689-BEF45809A6DC}.Debug|Any CPU.ActiveCfg = Debug|Any CPU
		{B46D6604-E20C-46F8-9689-BEF45809A6DC}.Debug|Any CPU.Build.0 = Debug|Any CPU
		{B46D6604-E20C-46F8-9689-BEF45809A6DC}.Release|Any CPU.ActiveCfg = Release|Any CPU
		{B46D6604-E20C-46F8-9689-BEF45809A6DC}.Release|Any CPU.Build.0 = Release|Any CPU
		{7AD7FB3D-5585-4BD2-89FB-D462BA04871A}.Debug|Any CPU.ActiveCfg = Debug|Any CPU
		{7AD7FB3D-5585-4BD2-89FB-D462BA04871A}.Debug|Any CPU.Build.0 = Debug|Any CPU
		{7AD7FB3D-5585-4BD2-89FB-D462BA04871A}.Release|Any CPU.ActiveCfg = Release|Any CPU
		{7AD7FB3D-5585-4BD2-89FB-D462BA04871A}.Release|Any CPU.Build.0 = Release|Any CPU
		{F415DB0B-1DD5-4092-91FA-422804557FAB}.Debug|Any CPU.ActiveCfg = Debug|Any CPU
		{F415DB0B-1DD5-4092-91FA-422804557FAB}.Debug|Any CPU.Build.0 = Debug|Any CPU
		{F415DB0B-1DD5-4092-91FA-422804557FAB}.Release|Any CPU.ActiveCfg = Release|Any CPU
		{F415DB0B-1DD5-4092-91FA-422804557FAB}.Release|Any CPU.Build.0 = Release|Any CPU
		{C9ABAF18-A9EC-4E2C-BB4E-AAF054747808}.Debug|Any CPU.ActiveCfg = Debug|Any CPU
		{C9ABAF18-A9EC-4E2C-BB4E-AAF054747808}.Debug|Any CPU.Build.0 = Debug|Any CPU
		{C9ABAF18-A9EC-4E2C-BB4E-AAF054747808}.Release|Any CPU.ActiveCfg = Release|Any CPU
		{C9ABAF18-A9EC-4E2C-BB4E-AAF054747808}.Release|Any CPU.Build.0 = Release|Any CPU
		{F7420C3E-5796-44E2-9748-187466F05AF7}.Debug|Any CPU.ActiveCfg = Debug|Any CPU
		{F7420C3E-5796-44E2-9748-187466F05AF7}.Debug|Any CPU.Build.0 = Debug|Any CPU
		{F7420C3E-5796-44E2-9748-187466F05AF7}.Release|Any CPU.ActiveCfg = Release|Any CPU
		{F7420C3E-5796-44E2-9748-187466F05AF7}.Release|Any CPU.Build.0 = Release|Any CPU
		{DB564E26-4AF4-43B2-887F-2B7C8D1DF649}.Debug|Any CPU.ActiveCfg = Debug|Any CPU
		{DB564E26-4AF4-43B2-887F-2B7C8D1DF649}.Debug|Any CPU.Build.0 = Debug|Any CPU
		{DB564E26-4AF4-43B2-887F-2B7C8D1DF649}.Release|Any CPU.ActiveCfg = Release|Any CPU
		{DB564E26-4AF4-43B2-887F-2B7C8D1DF649}.Release|Any CPU.Build.0 = Release|Any CPU
		{5EA68D4B-DBC9-4F41-B872-46CCDF44E3F2}.Debug|Any CPU.ActiveCfg = Debug|Any CPU
		{5EA68D4B-DBC9-4F41-B872-46CCDF44E3F2}.Debug|Any CPU.Build.0 = Debug|Any CPU
		{5EA68D4B-DBC9-4F41-B872-46CCDF44E3F2}.Release|Any CPU.ActiveCfg = Release|Any CPU
		{5EA68D4B-DBC9-4F41-B872-46CCDF44E3F2}.Release|Any CPU.Build.0 = Release|Any CPU
		{B1C8E2D7-2BB3-4751-8558-94EDA4561AAE}.Debug|Any CPU.ActiveCfg = Debug|Any CPU
		{B1C8E2D7-2BB3-4751-8558-94EDA4561AAE}.Debug|Any CPU.Build.0 = Debug|Any CPU
		{B1C8E2D7-2BB3-4751-8558-94EDA4561AAE}.Release|Any CPU.ActiveCfg = Release|Any CPU
		{B1C8E2D7-2BB3-4751-8558-94EDA4561AAE}.Release|Any CPU.Build.0 = Release|Any CPU
		{4980F097-3E8D-482F-AAE4-BA1F8AC70CA0}.Debug|Any CPU.ActiveCfg = Debug|Any CPU
		{4980F097-3E8D-482F-AAE4-BA1F8AC70CA0}.Debug|Any CPU.Build.0 = Debug|Any CPU
		{4980F097-3E8D-482F-AAE4-BA1F8AC70CA0}.Release|Any CPU.ActiveCfg = Release|Any CPU
		{4980F097-3E8D-482F-AAE4-BA1F8AC70CA0}.Release|Any CPU.Build.0 = Release|Any CPU
		{FF025C2A-F3CF-406C-BED4-414A1D616E0A}.Debug|Any CPU.ActiveCfg = Debug|Any CPU
		{FF025C2A-F3CF-406C-BED4-414A1D616E0A}.Debug|Any CPU.Build.0 = Debug|Any CPU
		{FF025C2A-F3CF-406C-BED4-414A1D616E0A}.Release|Any CPU.ActiveCfg = Release|Any CPU
		{FF025C2A-F3CF-406C-BED4-414A1D616E0A}.Release|Any CPU.Build.0 = Release|Any CPU
		{9E8FDD9E-5195-48F3-8E48-BCA241D9B0CE}.Debug|Any CPU.ActiveCfg = Debug|Any CPU
		{9E8FDD9E-5195-48F3-8E48-BCA241D9B0CE}.Debug|Any CPU.Build.0 = Debug|Any CPU
		{9E8FDD9E-5195-48F3-8E48-BCA241D9B0CE}.Release|Any CPU.ActiveCfg = Release|Any CPU
		{9E8FDD9E-5195-48F3-8E48-BCA241D9B0CE}.Release|Any CPU.Build.0 = Release|Any CPU
		{35AD22FC-8C36-4F77-AF36-60BDA4B1008A}.Debug|Any CPU.ActiveCfg = Debug|Any CPU
		{35AD22FC-8C36-4F77-AF36-60BDA4B1008A}.Debug|Any CPU.Build.0 = Debug|Any CPU
		{35AD22FC-8C36-4F77-AF36-60BDA4B1008A}.Release|Any CPU.ActiveCfg = Release|Any CPU
		{35AD22FC-8C36-4F77-AF36-60BDA4B1008A}.Release|Any CPU.Build.0 = Release|Any CPU
		{16FA822D-1C78-4634-A3CE-C5221FC7EFAE}.Debug|Any CPU.ActiveCfg = Debug|Any CPU
		{16FA822D-1C78-4634-A3CE-C5221FC7EFAE}.Debug|Any CPU.Build.0 = Debug|Any CPU
		{16FA822D-1C78-4634-A3CE-C5221FC7EFAE}.Release|Any CPU.ActiveCfg = Release|Any CPU
		{16FA822D-1C78-4634-A3CE-C5221FC7EFAE}.Release|Any CPU.Build.0 = Release|Any CPU
		{5B9DC37F-7CC6-4638-9837-9F619D5EB221}.Debug|Any CPU.ActiveCfg = Debug|Any CPU
		{5B9DC37F-7CC6-4638-9837-9F619D5EB221}.Debug|Any CPU.Build.0 = Debug|Any CPU
		{5B9DC37F-7CC6-4638-9837-9F619D5EB221}.Release|Any CPU.ActiveCfg = Release|Any CPU
		{5B9DC37F-7CC6-4638-9837-9F619D5EB221}.Release|Any CPU.Build.0 = Release|Any CPU
		{A3F181CD-2E8C-40EA-8EB7-7541B2730E24}.Debug|Any CPU.ActiveCfg = Debug|Any CPU
		{A3F181CD-2E8C-40EA-8EB7-7541B2730E24}.Debug|Any CPU.Build.0 = Debug|Any CPU
		{A3F181CD-2E8C-40EA-8EB7-7541B2730E24}.Release|Any CPU.ActiveCfg = Release|Any CPU
		{A3F181CD-2E8C-40EA-8EB7-7541B2730E24}.Release|Any CPU.Build.0 = Release|Any CPU
	EndGlobalSection
	GlobalSection(SolutionProperties) = preSolution
		HideSolutionNode = FALSE
	EndGlobalSection
	GlobalSection(NestedProjects) = preSolution
		{73EE95D2-96A3-4F94-A8FE-24C4046E3F69} = {8CA95E44-EE06-4727-8D4E-04740517A8F8}
		{0710F424-0B02-4E82-895A-EE811CC3C5D6} = {73EE95D2-96A3-4F94-A8FE-24C4046E3F69}
		{EC6CDE84-CE37-48C0-B55A-21C31525E332} = {73EE95D2-96A3-4F94-A8FE-24C4046E3F69}
		{B46D6604-E20C-46F8-9689-BEF45809A6DC} = {73EE95D2-96A3-4F94-A8FE-24C4046E3F69}
		{7AD7FB3D-5585-4BD2-89FB-D462BA04871A} = {73EE95D2-96A3-4F94-A8FE-24C4046E3F69}
		{A757A198-8C2E-4C4E-B53A-890BA4825236} = {8CA95E44-EE06-4727-8D4E-04740517A8F8}
		{F415DB0B-1DD5-4092-91FA-422804557FAB} = {A757A198-8C2E-4C4E-B53A-890BA4825236}
		{C9ABAF18-A9EC-4E2C-BB4E-AAF054747808} = {A757A198-8C2E-4C4E-B53A-890BA4825236}
		{F7420C3E-5796-44E2-9748-187466F05AF7} = {A757A198-8C2E-4C4E-B53A-890BA4825236}
		{DB564E26-4AF4-43B2-887F-2B7C8D1DF649} = {A757A198-8C2E-4C4E-B53A-890BA4825236}
		{121C0DE5-620A-4E1C-93A0-0C2CF02DB432} = {8CA95E44-EE06-4727-8D4E-04740517A8F8}
		{5EA68D4B-DBC9-4F41-B872-46CCDF44E3F2} = {121C0DE5-620A-4E1C-93A0-0C2CF02DB432}
		{B1C8E2D7-2BB3-4751-8558-94EDA4561AAE} = {121C0DE5-620A-4E1C-93A0-0C2CF02DB432}
		{4980F097-3E8D-482F-AAE4-BA1F8AC70CA0} = {121C0DE5-620A-4E1C-93A0-0C2CF02DB432}
		{FF025C2A-F3CF-406C-BED4-414A1D616E0A} = {121C0DE5-620A-4E1C-93A0-0C2CF02DB432}
		{8FB00FFB-EE16-4719-BAD7-3CAB37A87E02} = {8CA95E44-EE06-4727-8D4E-04740517A8F8}
		{9E8FDD9E-5195-48F3-8E48-BCA241D9B0CE} = {8FB00FFB-EE16-4719-BAD7-3CAB37A87E02}
		{35AD22FC-8C36-4F77-AF36-60BDA4B1008A} = {8FB00FFB-EE16-4719-BAD7-3CAB37A87E02}
		{16FA822D-1C78-4634-A3CE-C5221FC7EFAE} = {8FB00FFB-EE16-4719-BAD7-3CAB37A87E02}
		{5B9DC37F-7CC6-4638-9837-9F619D5EB221} = {8FB00FFB-EE16-4719-BAD7-3CAB37A87E02}
		{A3F181CD-2E8C-40EA-8EB7-7541B2730E24} = {52B6F71F-A588-4092-818E-96DA1E4B91CA}
	EndGlobalSection
	GlobalSection(ExtensibilityGlobals) = postSolution
		SolutionGuid = {7222B346-CEBD-4629-BCFC-504D14222439}
	EndGlobalSection
EndGlobal
